
Microsoft Visual Studio Solution File, Format Version 12.00
# Visual Studio 15
VisualStudioVersion = 15.0.28307.852
MinimumVisualStudioVersion = 10.0.40219.1
Project("{FAE04EC0-301F-11D3-BF4B-00C04F79EFBC}") = "DevEducationTests", "DevEducationTests\DevEducationTests.csproj", "{5682FA64-DEA3-4A25-ACF1-A1996FEAAC22}"
EndProject
Global
	GlobalSection(SolutionConfigurationPlatforms) = preSolution
		Debug|Any CPU = Debug|Any CPU
		Release|Any CPU = Release|Any CPU
	EndGlobalSection
	GlobalSection(ProjectConfigurationPlatforms) = postSolution
		{5682FA64-DEA3-4A25-ACF1-A1996FEAAC22}.Debug|Any CPU.ActiveCfg = Debug|Any CPU
		{5682FA64-DEA3-4A25-ACF1-A1996FEAAC22}.Debug|Any CPU.Build.0 = Debug|Any CPU
		{5682FA64-DEA3-4A25-ACF1-A1996FEAAC22}.Release|Any CPU.ActiveCfg = Release|Any CPU
		{5682FA64-DEA3-4A25-ACF1-A1996FEAAC22}.Release|Any CPU.Build.0 = Release|Any CPU
	EndGlobalSection
	GlobalSection(SolutionProperties) = preSolution
		HideSolutionNode = FALSE
	EndGlobalSection
	GlobalSection(ExtensibilityGlobals) = postSolution
		SolutionGuid = {A1069E5F-3132-40CD-81F1-8D794162BB91}
	EndGlobalSection
EndGlobal
